
Microsoft Visual Studio Solution File, Format Version 12.00
# Visual Studio Version 16
VisualStudioVersion = 16.0.31005.135
MinimumVisualStudioVersion = 10.0.40219.1
Project("{FAE04EC0-301F-11D3-BF4B-00C04F79EFBC}") = "Lab3b", "Lab3b\Lab3b.csproj", "{B1E3D7AC-F92E-4602-8BAB-230113A7669F}"
EndProject
Global
	GlobalSection(SolutionConfigurationPlatforms) = preSolution
		Debug|Any CPU = Debug|Any CPU
		Release|Any CPU = Release|Any CPU
	EndGlobalSection
	GlobalSection(ProjectConfigurationPlatforms) = postSolution
		{B1E3D7AC-F92E-4602-8BAB-230113A7669F}.Debug|Any CPU.ActiveCfg = Debug|Any CPU
		{B1E3D7AC-F92E-4602-8BAB-230113A7669F}.Debug|Any CPU.Build.0 = Debug|Any CPU
		{B1E3D7AC-F92E-4602-8BAB-230113A7669F}.Release|Any CPU.ActiveCfg = Release|Any CPU
		{B1E3D7AC-F92E-4602-8BAB-230113A7669F}.Release|Any CPU.Build.0 = Release|Any CPU
	EndGlobalSection
	GlobalSection(SolutionProperties) = preSolution
		HideSolutionNode = FALSE
	EndGlobalSection
	GlobalSection(ExtensibilityGlobals) = postSolution
		SolutionGuid = {5302E10B-8FD9-4D5E-9267-65A2F1E72EBB}
	EndGlobalSection
EndGlobal
